
Microsoft Visual Studio Solution File, Format Version 12.00
# Visual Studio Version 16
VisualStudioVersion = 16.0.31729.503
MinimumVisualStudioVersion = 10.0.40219.1
Project("{FAE04EC0-301F-11D3-BF4B-00C04F79EFBC}") = "WindowsFormsApp1", "WindowsFormsApp1\WindowsFormsApp1.csproj", "{AA2F39CF-1DB4-45BA-B1AA-B807F79DF118}"
EndProject
Global
	GlobalSection(SolutionConfigurationPlatforms) = preSolution
		Debug|Any CPU = Debug|Any CPU
		Release|Any CPU = Release|Any CPU
	EndGlobalSection
	GlobalSection(ProjectConfigurationPlatforms) = postSolution
		{AA2F39CF-1DB4-45BA-B1AA-B807F79DF118}.Debug|Any CPU.ActiveCfg = Debug|Any CPU
		{AA2F39CF-1DB4-45BA-B1AA-B807F79DF118}.Debug|Any CPU.Build.0 = Debug|Any CPU
		{AA2F39CF-1DB4-45BA-B1AA-B807F79DF118}.Release|Any CPU.ActiveCfg = Release|Any CPU
		{AA2F39CF-1DB4-45BA-B1AA-B807F79DF118}.Release|Any CPU.Build.0 = Release|Any CPU
	EndGlobalSection
	GlobalSection(SolutionProperties) = preSolution
		HideSolutionNode = FALSE
	EndGlobalSection
	GlobalSection(ExtensibilityGlobals) = postSolution
		SolutionGuid = {2D36BE67-F0B6-4540-94E3-08F220D94C4F}
	EndGlobalSection
EndGlobal
